<?xml version="1.0" encoding="utf-8"?>
<Project ToolsVersion="4.0" xmlns="http://schemas.microsoft.com/developer/msbuild/2003">
  <ItemGroup>
    <Filter Include="Source Files">
      <UniqueIdentifier>{4FC737F1-C7A5-4376-A066-2A32D752A2FF}</UniqueIdentifier>
      <Extensions>cpp;c;cc;cxx;def;odl;idl;hpj;bat;asm;asmx</Extensions>
    </Filter>
    <Filter Include="Header Files">
      <UniqueIdentifier>{93995380-89BD-4b04-88EB-625FBE52EBFB}</UniqueIdentifier>
      <Extensions>h;hpp;hxx;hm;inl;inc;xsd</Extensions>
    </Filter>
    <Filter Include="Resource Files">
      <UniqueIdentifier>{67DA6AB6-F800-4c08-8B7A-83BB121AAD01}</UniqueIdentifier>
      <Extensions>rc;ico;cur;bmp;dlg;rc2;rct;bin;rgs;gif;jpg;jpeg;jpe;resx;tiff;tif;png;wav;mfcribbon-ms</Extensions>
    </Filter>
  </ItemGroup>
  <ItemGroup>
    <Text Include="ReadMe.txt" />
  </ItemGroup>
  <ItemGroup>
    <ClInclude Include="LIN_Programming.h">
      <Filter>Header Files</Filter>
    </ClInclude>
    <ClInclude Include="stdafx.h">
      <Filter>Header Files</Filter>
    </ClInclude>
    <ClInclude Include="targetver.h">
      <Filter>Header Files</Filter>
    </ClInclude>
    <ClInclude Include="MainFrm.h">
      <Filter>Header Files</Filter>
    </ClInclude>
    <ClInclude Include="LIN_ProgrammingDoc.h">
      <Filter>Header Files</Filter>
    </ClInclude>
    <ClInclude Include="LIN_ProgrammingView.h">
      <Filter>Header Files</Filter>
    </ClInclude>
    <ClInclude Include="Resource.h">
      <Filter>Header Files</Filter>
    </ClInclude>
    <ClInclude Include="procedure.h">
      <Filter>Header Files</Filter>
    </ClInclude>
    <ClInclude Include="CTest_Base.h">
      <Filter>Header Files</Filter>
    </ClInclude>
    <ClInclude Include="CTest_Main.h">
      <Filter>Header Files</Filter>
    </ClInclude>
    <ClInclude Include="CLin_Func_Main.h">
      <Filter>Header Files</Filter>
    </ClInclude>
    <ClInclude Include="KvrLin.h">
      <Filter>Header Files</Filter>
    </ClInclude>
    <ClInclude Include="CDlg_Spec.h">
      <Filter>Header Files</Filter>
    </ClInclude>
    <ClInclude Include="CFunc_Spec.h">
      <Filter>Header Files</Filter>
    </ClInclude>
    <ClInclude Include="procedure_Macro.h">
      <Filter>Header Files</Filter>
    </ClInclude>
    <ClInclude Include="CTest_State.h">
      <Filter>Header Files</Filter>
    </ClInclude>
    <ClInclude Include="CFunc_UserMsg.h">
      <Filter>Header Files</Filter>
    </ClInclude>
    <ClInclude Include="procedure_Number.h">
      <Filter>Header Files</Filter>
    </ClInclude>
    <ClInclude Include="MyListCtrl.h">
      <Filter>Header Files</Filter>
    </ClInclude>
    <ClInclude Include="MyHeaderCtrl.h">
      <Filter>Header Files</Filter>
    </ClInclude>
    <ClInclude Include="CFunc_File.h">
      <Filter>Header Files</Filter>
    </ClInclude>
    <ClInclude Include="specfile_form.h">
      <Filter>Header Files</Filter>
    </ClInclude>
    <ClInclude Include="CTest_Status_Test_Result.h">
      <Filter>Header Files</Filter>
    </ClInclude>
    <ClInclude Include="CTest_System_Config.h">
      <Filter>Header Files</Filter>
    </ClInclude>
    <ClInclude Include="CFunc_TestData.h">
      <Filter>Header Files</Filter>
    </ClInclude>
    <ClInclude Include="CFunc_Mode_Vector.h">
      <Filter>Header Files</Filter>
    </ClInclude>
    <ClInclude Include="CFunc_Reg.h">
      <Filter>Header Files</Filter>
    </ClInclude>
    <ClInclude Include="CFunc_FilePath.h">
      <Filter>Header Files</Filter>
    </ClInclude>
    <ClInclude Include="My_String.h">
      <Filter>Header Files</Filter>
    </ClInclude>
    <ClInclude Include="tmenu_file.h">
      <Filter>Header Files</Filter>
    </ClInclude>
    <ClInclude Include="CLin_Data.h">
      <Filter>Header Files</Filter>
    </ClInclude>
    <ClInclude Include="CDlg_Spec_Item.h">
      <Filter>Header Files</Filter>
    </ClInclude>
    <ClInclude Include="CFunc_DelayTime.h">
      <Filter>Header Files</Filter>
    </ClInclude>
    <ClInclude Include="CInst_Base.h">
      <Filter>Header Files</Filter>
    </ClInclude>
    <ClInclude Include="CInst_Main.h">
      <Filter>Header Files</Filter>
    </ClInclude>
    <ClInclude Include="CDlg_PasswordChange.h">
      <Filter>Header Files</Filter>
    </ClInclude>
    <ClInclude Include="CDlg_PasswordCheck.h">
      <Filter>Header Files</Filter>
    </ClInclude>
    <ClInclude Include="CFunc_TestData_SaveAccess.h">
      <Filter>Header Files</Filter>
    </ClInclude>
    <ClInclude Include="CFunc_Spec_Item_Main_Mode.h">
      <Filter>Header Files</Filter>
    </ClInclude>
    <ClInclude Include="CDlg_Spec_Item_CR665.h">
      <Filter>Header Files</Filter>
    </ClInclude>
    <ClInclude Include="CDlg_Spec_Item_TLE8881.h">
      <Filter>Header Files</Filter>
    </ClInclude>
    <ClInclude Include="CDlg_DataFilePath.h">
      <Filter>Header Files</Filter>
    </ClInclude>
    <ClInclude Include="CDlg_Spec_Item_TLE8880.h">
      <Filter>Header Files</Filter>
    </ClInclude>
    <ClInclude Include="CFunc_Beep.h">
      <Filter>Header Files</Filter>
    </ClInclude>
    <ClInclude Include="CDlg_Spec_Item_Set_etc.h">
      <Filter>Header Files</Filter>
    </ClInclude>
    <ClInclude Include="CDlg_Spec_Item_L9916.h">
      <Filter>Header Files</Filter>
    </ClInclude>
    <ClInclude Include="CDlg_Spec_Item_LIN2112.h">
      <Filter>Header Files</Filter>
    </ClInclude>
    <ClInclude Include="Rijndael.h">
      <Filter>Header Files</Filter>
    </ClInclude>
    <ClInclude Include="CFunc_DB_Dao.h">
      <Filter>Header Files</Filter>
    </ClInclude>
    <ClInclude Include="CFunc_DB_Odbc.h">
      <Filter>Header Files</Filter>
    </ClInclude>
    <ClInclude Include="CFunc_BackupFile.h">
      <Filter>Header Files</Filter>
    </ClInclude>
    <ClInclude Include="CFunc_Spec_File.h">
      <Filter>Header Files</Filter>
    </ClInclude>
    <ClInclude Include="CFunc_Spec_Item.h">
      <Filter>Header Files</Filter>
    </ClInclude>
    <ClInclude Include="CFunc_Spec_Item_Main.h">
      <Filter>Header Files</Filter>
    </ClInclude>
  </ItemGroup>
  <ItemGroup>
    <ClCompile Include="LIN_Programming.cpp">
      <Filter>Source Files</Filter>
    </ClCompile>
    <ClCompile Include="stdafx.cpp">
      <Filter>Source Files</Filter>
    </ClCompile>
    <ClCompile Include="MainFrm.cpp">
      <Filter>Source Files</Filter>
    </ClCompile>
    <ClCompile Include="LIN_ProgrammingDoc.cpp">
      <Filter>Source Files</Filter>
    </ClCompile>
    <ClCompile Include="LIN_ProgrammingView.cpp">
      <Filter>Source Files</Filter>
    </ClCompile>
    <ClCompile Include="procedure.cpp">
      <Filter>Source Files</Filter>
    </ClCompile>
    <ClCompile Include="CTest_Base.cpp">
      <Filter>Source Files</Filter>
    </ClCompile>
    <ClCompile Include="CTest_Main.cpp">
      <Filter>Source Files</Filter>
    </ClCompile>
    <ClCompile Include="CLin_Func_Main.cpp">
      <Filter>Source Files</Filter>
    </ClCompile>
    <ClCompile Include="CDlg_Spec.cpp">
      <Filter>Source Files</Filter>
    </ClCompile>
    <ClCompile Include="CFunc_Spec.cpp">
      <Filter>Source Files</Filter>
    </ClCompile>
    <ClCompile Include="CTest_State.cpp">
      <Filter>Source Files</Filter>
    </ClCompile>
    <ClCompile Include="CFunc_UserMsg.cpp">
      <Filter>Source Files</Filter>
    </ClCompile>
    <ClCompile Include="MyListCtrl.cpp">
      <Filter>Source Files</Filter>
    </ClCompile>
    <ClCompile Include="MyHeaderCtrl.cpp">
      <Filter>Source Files</Filter>
    </ClCompile>
    <ClCompile Include="CFunc_File.cpp">
      <Filter>Source Files</Filter>
    </ClCompile>
    <ClCompile Include="CTest_Status_Test_Result.cpp">
      <Filter>Source Files</Filter>
    </ClCompile>
    <ClCompile Include="CTest_System_Config.cpp">
      <Filter>Source Files</Filter>
    </ClCompile>
    <ClCompile Include="CFunc_TestData.cpp">
      <Filter>Source Files</Filter>
    </ClCompile>
    <ClCompile Include="CFunc_Mode_Vector.cpp">
      <Filter>Source Files</Filter>
    </ClCompile>
    <ClCompile Include="CFunc_Reg.cpp">
      <Filter>Source Files</Filter>
    </ClCompile>
    <ClCompile Include="CFunc_FilePath.cpp">
      <Filter>Source Files</Filter>
    </ClCompile>
    <ClCompile Include="My_String.cpp">
      <Filter>Source Files</Filter>
    </ClCompile>
    <ClCompile Include="tmenu_file.cpp">
      <Filter>Source Files</Filter>
    </ClCompile>
    <ClCompile Include="CLin_Data.cpp">
      <Filter>Source Files</Filter>
    </ClCompile>
    <ClCompile Include="CDlg_Spec_Item.cpp">
      <Filter>Source Files</Filter>
    </ClCompile>
    <ClCompile Include="CFunc_DelayTime.cpp">
      <Filter>Source Files</Filter>
    </ClCompile>
    <ClCompile Include="CInst_Base.cpp">
      <Filter>Source Files</Filter>
    </ClCompile>
    <ClCompile Include="CInst_Main.cpp">
      <Filter>Source Files</Filter>
    </ClCompile>
    <ClCompile Include="CDlg_PasswordChange.cpp">
      <Filter>Source Files</Filter>
    </ClCompile>
    <ClCompile Include="CDlg_PasswordCheck.cpp">
      <Filter>Source Files</Filter>
    </ClCompile>
    <ClCompile Include="CFunc_TestData_SaveAccess.cpp">
      <Filter>Source Files</Filter>
    </ClCompile>
    <ClCompile Include="CFunc_Spec_Item_Main_Mode.cpp">
      <Filter>Source Files</Filter>
    </ClCompile>
    <ClCompile Include="CDlg_Spec_Item_CR665.cpp">
      <Filter>Source Files</Filter>
    </ClCompile>
    <ClCompile Include="CDlg_Spec_Item_TLE8881.cpp">
      <Filter>Source Files</Filter>
    </ClCompile>
    <ClCompile Include="CDlg_DataFilePath.cpp">
      <Filter>Source Files</Filter>
    </ClCompile>
    <ClCompile Include="CDlg_Spec_Item_TLE8880.cpp">
      <Filter>Source Files</Filter>
    </ClCompile>
    <ClCompile Include="CTest_Main_kvrLin.cpp">
      <Filter>Source Files</Filter>
    </ClCompile>
    <ClCompile Include="CFunc_Beep.cpp">
      <Filter>Source Files</Filter>
    </ClCompile>
    <ClCompile Include="CDlg_Spec_Item_Set_etc.cpp">
      <Filter>Source Files</Filter>
    </ClCompile>
    <ClCompile Include="CDlg_Spec_Item_L9916.cpp">
      <Filter>Source Files</Filter>
    </ClCompile>
    <ClCompile Include="CDlg_Spec_Item_LIN2112.cpp">
      <Filter>Source Files</Filter>
    </ClCompile>
    <ClCompile Include="Rijndael.cpp">
      <Filter>Source Files</Filter>
    </ClCompile>
    <ClCompile Include="CFunc_DB_Dao.cpp">
      <Filter>Source Files</Filter>
    </ClCompile>
    <ClCompile Include="CFunc_DB_Odbc.cpp">
      <Filter>Source Files</Filter>
    </ClCompile>
    <ClCompile Include="CFunc_BackupFile.cpp">
      <Filter>Source Files</Filter>
    </ClCompile>
    <ClCompile Include="CFunc_Spec_File.cpp">
      <Filter>Source Files</Filter>
    </ClCompile>
    <ClCompile Include="CFunc_Spec_File_TM01LIN.cpp">
      <Filter>Source Files</Filter>
    </ClCompile>
    <ClCompile Include="CFunc_Spec_Item.cpp">
      <Filter>Source Files</Filter>
    </ClCompile>
    <ClCompile Include="CFunc_Spec_Item_Main.cpp">
      <Filter>Source Files</Filter>
    </ClCompile>
  </ItemGroup>
  <ItemGroup>
    <ResourceCompile Include="LIN_Programming.rc">
      <Filter>Resource Files</Filter>
    </ResourceCompile>
  </ItemGroup>
  <ItemGroup>
    <None Include="res\LIN_Programming.rc2">
      <Filter>Resource Files</Filter>
    </None>
  </ItemGroup>
  <ItemGroup>
    <Image Include="res\LIN_ProgrammingDoc.ico">
      <Filter>Resource Files</Filter>
    </Image>
    <Image Include="res\LIN_Programming.ico">
      <Filter>Resource Files</Filter>
    </Image>
    <Image Include="res\Toolbar.bmp">
      <Filter>Resource Files</Filter>
    </Image>
  </ItemGroup>
  <ItemGroup>
    <Media Include="beep1.wav">
      <Filter>Resource Files</Filter>
    </Media>
    <Media Include="beep2.wav">
      <Filter>Resource Files</Filter>
    </Media>
  </ItemGroup>
</Project>